
Microsoft Visual Studio Solution File, Format Version 12.00
# Visual Studio Version 17
VisualStudioVersion = 17.3.32811.315
MinimumVisualStudioVersion = 10.0.40219.1
Project("{FAE04EC0-301F-11D3-BF4B-00C04F79EFBC}") = "Model", "Model\Model.csproj", "{F02D7EEE-B44C-48A3-B6C2-89F34A928DBC}"
EndProject
Project("{2150E333-8FDC-42A3-9474-1A3956D46DE8}") = "Tests", "Tests", "{2D490478-8053-4659-B0AD-E4BC5F377E2B}"
EndProject
Project("{FAE04EC0-301F-11D3-BF4B-00C04F79EFBC}") = "UT_Model", "Tests\UT_Model\UT_Model.csproj", "{D48A0EBC-3639-4963-8AFA-BE909873C35A}"
EndProject
Project("{FAE04EC0-301F-11D3-BF4B-00C04F79EFBC}") = "FT_Model", "Tests\FT_Model\FT_Model.csproj", "{4886FE88-68B6-42B3-B779-BE7388C28F55}"
EndProject
Project("{FAE04EC0-301F-11D3-BF4B-00C04F79EFBC}") = "TarotDB", "TarotDB\TarotDB.csproj", "{7398AF78-8A07-4CFF-9358-5E2401F4C929}"
EndProject
Project("{FAE04EC0-301F-11D3-BF4B-00C04F79EFBC}") = "Tarot2B2Model", "Tarot2B2Model\Tarot2B2Model.csproj", "{A3822897-3239-40C4-BE41-8DD9FE0B7DE9}"
EndProject
Project("{FAE04EC0-301F-11D3-BF4B-00C04F79EFBC}") = "FT_TarotDB", "Tests\FT_TarotDB\FT_TarotDB.csproj", "{59976C00-1FCA-477F-B075-0EBF99496EFC}"
EndProject
Global
	GlobalSection(SolutionConfigurationPlatforms) = preSolution
		Debug|Any CPU = Debug|Any CPU
		Release|Any CPU = Release|Any CPU
	EndGlobalSection
	GlobalSection(ProjectConfigurationPlatforms) = postSolution
		{F02D7EEE-B44C-48A3-B6C2-89F34A928DBC}.Debug|Any CPU.ActiveCfg = Debug|Any CPU
		{F02D7EEE-B44C-48A3-B6C2-89F34A928DBC}.Debug|Any CPU.Build.0 = Debug|Any CPU
		{F02D7EEE-B44C-48A3-B6C2-89F34A928DBC}.Release|Any CPU.ActiveCfg = Release|Any CPU
		{F02D7EEE-B44C-48A3-B6C2-89F34A928DBC}.Release|Any CPU.Build.0 = Release|Any CPU
		{D48A0EBC-3639-4963-8AFA-BE909873C35A}.Debug|Any CPU.ActiveCfg = Debug|Any CPU
		{D48A0EBC-3639-4963-8AFA-BE909873C35A}.Debug|Any CPU.Build.0 = Debug|Any CPU
		{D48A0EBC-3639-4963-8AFA-BE909873C35A}.Release|Any CPU.ActiveCfg = Release|Any CPU
		{D48A0EBC-3639-4963-8AFA-BE909873C35A}.Release|Any CPU.Build.0 = Release|Any CPU
		{4886FE88-68B6-42B3-B779-BE7388C28F55}.Debug|Any CPU.ActiveCfg = Debug|Any CPU
		{4886FE88-68B6-42B3-B779-BE7388C28F55}.Debug|Any CPU.Build.0 = Debug|Any CPU
		{4886FE88-68B6-42B3-B779-BE7388C28F55}.Release|Any CPU.ActiveCfg = Release|Any CPU
		{4886FE88-68B6-42B3-B779-BE7388C28F55}.Release|Any CPU.Build.0 = Release|Any CPU
		{7398AF78-8A07-4CFF-9358-5E2401F4C929}.Debug|Any CPU.ActiveCfg = Debug|Any CPU
		{7398AF78-8A07-4CFF-9358-5E2401F4C929}.Debug|Any CPU.Build.0 = Debug|Any CPU
		{7398AF78-8A07-4CFF-9358-5E2401F4C929}.Release|Any CPU.ActiveCfg = Release|Any CPU
		{7398AF78-8A07-4CFF-9358-5E2401F4C929}.Release|Any CPU.Build.0 = Release|Any CPU
		{A3822897-3239-40C4-BE41-8DD9FE0B7DE9}.Debug|Any CPU.ActiveCfg = Debug|Any CPU
		{A3822897-3239-40C4-BE41-8DD9FE0B7DE9}.Debug|Any CPU.Build.0 = Debug|Any CPU
		{A3822897-3239-40C4-BE41-8DD9FE0B7DE9}.Release|Any CPU.ActiveCfg = Release|Any CPU
		{A3822897-3239-40C4-BE41-8DD9FE0B7DE9}.Release|Any CPU.Build.0 = Release|Any CPU
		{59976C00-1FCA-477F-B075-0EBF99496EFC}.Debug|Any CPU.ActiveCfg = Debug|Any CPU
		{59976C00-1FCA-477F-B075-0EBF99496EFC}.Debug|Any CPU.Build.0 = Debug|Any CPU
		{59976C00-1FCA-477F-B075-0EBF99496EFC}.Release|Any CPU.ActiveCfg = Release|Any CPU
		{59976C00-1FCA-477F-B075-0EBF99496EFC}.Release|Any CPU.Build.0 = Release|Any CPU
	EndGlobalSection
	GlobalSection(SolutionProperties) = preSolution
		HideSolutionNode = FALSE
	EndGlobalSection
	GlobalSection(NestedProjects) = preSolution
		{D48A0EBC-3639-4963-8AFA-BE909873C35A} = {2D490478-8053-4659-B0AD-E4BC5F377E2B}
		{4886FE88-68B6-42B3-B779-BE7388C28F55} = {2D490478-8053-4659-B0AD-E4BC5F377E2B}
		{59976C00-1FCA-477F-B075-0EBF99496EFC} = {2D490478-8053-4659-B0AD-E4BC5F377E2B}
	EndGlobalSection
	GlobalSection(ExtensibilityGlobals) = postSolution
		SolutionGuid = {FBF96409-FA98-48FC-BC01-79FCB13501AB}
	EndGlobalSection
EndGlobal
