
Microsoft Visual Studio Solution File, Format Version 12.00
# Visual Studio Version 17
VisualStudioVersion = 17.3.32811.315
MinimumVisualStudioVersion = 10.0.40219.1
Project("{9A19103F-16F7-4668-BE54-9A1E7A4F7556}") = "Model", "Model\Model.csproj", "{F02D7EEE-B44C-48A3-B6C2-89F34A928DBC}"
EndProject
Project("{2150E333-8FDC-42A3-9474-1A3956D46DE8}") = "Tests", "Tests", "{2D490478-8053-4659-B0AD-E4BC5F377E2B}"
EndProject
Project("{9A19103F-16F7-4668-BE54-9A1E7A4F7556}") = "UT_Model", "Tests\UT_Model\UT_Model.csproj", "{D48A0EBC-3639-4963-8AFA-BE909873C35A}"
EndProject
Project("{9A19103F-16F7-4668-BE54-9A1E7A4F7556}") = "Tarot2B2Model", "Tarot2B2Model\Tarot2B2Model.csproj", "{A3822897-3239-40C4-BE41-8DD9FE0B7DE9}"
EndProject
Project("{9A19103F-16F7-4668-BE54-9A1E7A4F7556}") = "FT_TarotDB", "Tests\FT_TarotDB\FT_TarotDB.csproj", "{59976C00-1FCA-477F-B075-0EBF99496EFC}"
EndProject
Project("{9A19103F-16F7-4668-BE54-9A1E7A4F7556}") = "StubLib", "StubLib\StubLib.csproj", "{CCDB64F4-52FA-41EA-B998-782A1DAE6766}"
EndProject
Project("{9A19103F-16F7-4668-BE54-9A1E7A4F7556}") = "UT_TarotDB", "Tests\UT_TarotDB\UT_TarotDB.csproj", "{0CD4FCEC-E3E5-4E6B-8E22-331907A59362}"
EndProject
Project("{9A19103F-16F7-4668-BE54-9A1E7A4F7556}") = "UT_Tarot2B2Model", "Tests\UT_Tarot2B2Model\UT_Tarot2B2Model.csproj", "{06ED762B-5A1D-4B98-B3AB-1193B4F73619}"
EndProject
Project("{9A19103F-16F7-4668-BE54-9A1E7A4F7556}") = "StubContext", "StubContext\StubContext.csproj", "{18DF2903-AEB5-4454-A0E5-360303DC2E6B}"
EndProject
Project("{9A19103F-16F7-4668-BE54-9A1E7A4F7556}") = "TestUtils", "Tests\TestUtils\TestUtils.csproj", "{ED5CD102-998D-4260-8D47-352E33B55303}"
EndProject
Project("{FAE04EC0-301F-11D3-BF4B-00C04F79EFBC}") = "UT_Reader", "Tests\UT_Reader\UT_Reader.csproj", "{85C791BF-1182-460D-9EC5-DD1E984BE9BA}"
EndProject
Project("{FAE04EC0-301F-11D3-BF4B-00C04F79EFBC}") = "TarotDB", "TarotDB\TarotDB.csproj", "{E0F4BA78-B56F-4D4D-9753-FC84D86D5578}"
EndProject
Project("{FAE04EC0-301F-11D3-BF4B-00C04F79EFBC}") = "UT_Writer", "Tests\UT_Writer\UT_Writer.csproj", "{261A74BC-7B03-4351-BFC5-C48E4676EEC8}"
EndProject
Project("{FAE04EC0-301F-11D3-BF4B-00C04F79EFBC}") = "FT_Manager", "Tests\FT_Manager\FT_Manager.csproj", "{29455D8F-D783-4907-8FA0-59867D51523C}"
EndProject
Project("{2150E333-8FDC-42A3-9474-1A3956D46DE8}") = "Api", "Api", "{AE717D6C-1A01-4BAB-993A-6DCED230A63E}"
EndProject
Project("{FAE04EC0-301F-11D3-BF4B-00C04F79EFBC}") = "Services", "Api\Services\Services.csproj", "{DB2037E5-66EE-477B-A883-E6F19E400F45}"
EndProject
Project("{FAE04EC0-301F-11D3-BF4B-00C04F79EFBC}") = "GraphQLControllers", "Api\GraphQLControllers\GraphQLControllers.csproj", "{0C283EDE-6E85-4FAB-BDD9-F6A29E152C37}"
EndProject
Project("{FAE04EC0-301F-11D3-BF4B-00C04F79EFBC}") = "RestControllers", "Api\RestControllers\RestControllers.csproj", "{3A7134DC-A151-4E14-9E3E-2BA86E322CA6}"
EndProject
Project("{FAE04EC0-301F-11D3-BF4B-00C04F79EFBC}") = "Utils", "Utils\Utils.csproj", "{2B9D4401-956F-4A51-989E-0E49A445DF16}"
EndProject
Project("{FAE04EC0-301F-11D3-BF4B-00C04F79EFBC}") = "FT_DbWriter", "Tests\FT_DbWriter\FT_DbWriter.csproj", "{6AFBA0BA-9615-46E0-A9A2-7B1DC637D27C}"
EndProject
Project("{FAE04EC0-301F-11D3-BF4B-00C04F79EFBC}") = "UT_Utils", "Tests\UT_Utils\UT_Utils.csproj", "{22E612EB-4677-4212-A84B-4BC8FB6CB8E8}"
EndProject
Project("{FAE04EC0-301F-11D3-BF4B-00C04F79EFBC}") = "RestController", "Api\RestController\RestController.csproj", "{1D9E2949-EA48-458E-B3A4-872C038E6D5B}"
EndProject
Project("{FAE04EC0-301F-11D3-BF4B-00C04F79EFBC}") = "GrpcService", "Api\GrpcService\GrpcService.csproj", "{1A12BECA-F827-4AED-A208-221F0E56EF07}"
EndProject
Project("{FAE04EC0-301F-11D3-BF4B-00C04F79EFBC}") = "GrpcClient", "Api\GrpcClient\GrpcClient.csproj", "{5879602B-C8DB-47A8-97D4-97F01D23DFD2}"
EndProject
Global
	GlobalSection(SolutionConfigurationPlatforms) = preSolution
		Debug|Any CPU = Debug|Any CPU
		Release|Any CPU = Release|Any CPU
	EndGlobalSection
	GlobalSection(ProjectConfigurationPlatforms) = postSolution
		{F02D7EEE-B44C-48A3-B6C2-89F34A928DBC}.Debug|Any CPU.ActiveCfg = Debug|Any CPU
		{F02D7EEE-B44C-48A3-B6C2-89F34A928DBC}.Debug|Any CPU.Build.0 = Debug|Any CPU
		{F02D7EEE-B44C-48A3-B6C2-89F34A928DBC}.Release|Any CPU.ActiveCfg = Release|Any CPU
		{F02D7EEE-B44C-48A3-B6C2-89F34A928DBC}.Release|Any CPU.Build.0 = Release|Any CPU
		{D48A0EBC-3639-4963-8AFA-BE909873C35A}.Debug|Any CPU.ActiveCfg = Debug|Any CPU
		{D48A0EBC-3639-4963-8AFA-BE909873C35A}.Debug|Any CPU.Build.0 = Debug|Any CPU
		{D48A0EBC-3639-4963-8AFA-BE909873C35A}.Release|Any CPU.ActiveCfg = Release|Any CPU
		{D48A0EBC-3639-4963-8AFA-BE909873C35A}.Release|Any CPU.Build.0 = Release|Any CPU
		{A3822897-3239-40C4-BE41-8DD9FE0B7DE9}.Debug|Any CPU.ActiveCfg = Debug|Any CPU
		{A3822897-3239-40C4-BE41-8DD9FE0B7DE9}.Debug|Any CPU.Build.0 = Debug|Any CPU
		{A3822897-3239-40C4-BE41-8DD9FE0B7DE9}.Release|Any CPU.ActiveCfg = Release|Any CPU
		{A3822897-3239-40C4-BE41-8DD9FE0B7DE9}.Release|Any CPU.Build.0 = Release|Any CPU
		{59976C00-1FCA-477F-B075-0EBF99496EFC}.Debug|Any CPU.ActiveCfg = Debug|Any CPU
		{59976C00-1FCA-477F-B075-0EBF99496EFC}.Debug|Any CPU.Build.0 = Debug|Any CPU
		{59976C00-1FCA-477F-B075-0EBF99496EFC}.Release|Any CPU.ActiveCfg = Release|Any CPU
		{59976C00-1FCA-477F-B075-0EBF99496EFC}.Release|Any CPU.Build.0 = Release|Any CPU
		{CCDB64F4-52FA-41EA-B998-782A1DAE6766}.Debug|Any CPU.ActiveCfg = Debug|Any CPU
		{CCDB64F4-52FA-41EA-B998-782A1DAE6766}.Debug|Any CPU.Build.0 = Debug|Any CPU
		{CCDB64F4-52FA-41EA-B998-782A1DAE6766}.Release|Any CPU.ActiveCfg = Release|Any CPU
		{CCDB64F4-52FA-41EA-B998-782A1DAE6766}.Release|Any CPU.Build.0 = Release|Any CPU
		{0CD4FCEC-E3E5-4E6B-8E22-331907A59362}.Debug|Any CPU.ActiveCfg = Debug|Any CPU
		{0CD4FCEC-E3E5-4E6B-8E22-331907A59362}.Debug|Any CPU.Build.0 = Debug|Any CPU
		{0CD4FCEC-E3E5-4E6B-8E22-331907A59362}.Release|Any CPU.ActiveCfg = Release|Any CPU
		{0CD4FCEC-E3E5-4E6B-8E22-331907A59362}.Release|Any CPU.Build.0 = Release|Any CPU
		{06ED762B-5A1D-4B98-B3AB-1193B4F73619}.Debug|Any CPU.ActiveCfg = Debug|Any CPU
		{06ED762B-5A1D-4B98-B3AB-1193B4F73619}.Debug|Any CPU.Build.0 = Debug|Any CPU
		{06ED762B-5A1D-4B98-B3AB-1193B4F73619}.Release|Any CPU.ActiveCfg = Release|Any CPU
		{06ED762B-5A1D-4B98-B3AB-1193B4F73619}.Release|Any CPU.Build.0 = Release|Any CPU
		{18DF2903-AEB5-4454-A0E5-360303DC2E6B}.Debug|Any CPU.ActiveCfg = Debug|Any CPU
		{18DF2903-AEB5-4454-A0E5-360303DC2E6B}.Debug|Any CPU.Build.0 = Debug|Any CPU
		{18DF2903-AEB5-4454-A0E5-360303DC2E6B}.Release|Any CPU.ActiveCfg = Release|Any CPU
		{18DF2903-AEB5-4454-A0E5-360303DC2E6B}.Release|Any CPU.Build.0 = Release|Any CPU
		{ED5CD102-998D-4260-8D47-352E33B55303}.Debug|Any CPU.ActiveCfg = Debug|Any CPU
		{ED5CD102-998D-4260-8D47-352E33B55303}.Debug|Any CPU.Build.0 = Debug|Any CPU
		{ED5CD102-998D-4260-8D47-352E33B55303}.Release|Any CPU.ActiveCfg = Release|Any CPU
		{ED5CD102-998D-4260-8D47-352E33B55303}.Release|Any CPU.Build.0 = Release|Any CPU
		{85C791BF-1182-460D-9EC5-DD1E984BE9BA}.Debug|Any CPU.ActiveCfg = Debug|Any CPU
		{85C791BF-1182-460D-9EC5-DD1E984BE9BA}.Debug|Any CPU.Build.0 = Debug|Any CPU
		{85C791BF-1182-460D-9EC5-DD1E984BE9BA}.Release|Any CPU.ActiveCfg = Release|Any CPU
		{85C791BF-1182-460D-9EC5-DD1E984BE9BA}.Release|Any CPU.Build.0 = Release|Any CPU
		{E0F4BA78-B56F-4D4D-9753-FC84D86D5578}.Debug|Any CPU.ActiveCfg = Debug|Any CPU
		{E0F4BA78-B56F-4D4D-9753-FC84D86D5578}.Debug|Any CPU.Build.0 = Debug|Any CPU
		{E0F4BA78-B56F-4D4D-9753-FC84D86D5578}.Release|Any CPU.ActiveCfg = Release|Any CPU
		{E0F4BA78-B56F-4D4D-9753-FC84D86D5578}.Release|Any CPU.Build.0 = Release|Any CPU
		{261A74BC-7B03-4351-BFC5-C48E4676EEC8}.Debug|Any CPU.ActiveCfg = Debug|Any CPU
		{261A74BC-7B03-4351-BFC5-C48E4676EEC8}.Debug|Any CPU.Build.0 = Debug|Any CPU
		{261A74BC-7B03-4351-BFC5-C48E4676EEC8}.Release|Any CPU.ActiveCfg = Release|Any CPU
		{261A74BC-7B03-4351-BFC5-C48E4676EEC8}.Release|Any CPU.Build.0 = Release|Any CPU
		{29455D8F-D783-4907-8FA0-59867D51523C}.Debug|Any CPU.ActiveCfg = Debug|Any CPU
		{29455D8F-D783-4907-8FA0-59867D51523C}.Debug|Any CPU.Build.0 = Debug|Any CPU
		{29455D8F-D783-4907-8FA0-59867D51523C}.Release|Any CPU.ActiveCfg = Release|Any CPU
		{29455D8F-D783-4907-8FA0-59867D51523C}.Release|Any CPU.Build.0 = Release|Any CPU
		{DB2037E5-66EE-477B-A883-E6F19E400F45}.Debug|Any CPU.ActiveCfg = Debug|Any CPU
		{DB2037E5-66EE-477B-A883-E6F19E400F45}.Debug|Any CPU.Build.0 = Debug|Any CPU
		{DB2037E5-66EE-477B-A883-E6F19E400F45}.Release|Any CPU.ActiveCfg = Release|Any CPU
		{DB2037E5-66EE-477B-A883-E6F19E400F45}.Release|Any CPU.Build.0 = Release|Any CPU
		{0C283EDE-6E85-4FAB-BDD9-F6A29E152C37}.Debug|Any CPU.ActiveCfg = Debug|Any CPU
		{0C283EDE-6E85-4FAB-BDD9-F6A29E152C37}.Debug|Any CPU.Build.0 = Debug|Any CPU
		{0C283EDE-6E85-4FAB-BDD9-F6A29E152C37}.Release|Any CPU.ActiveCfg = Release|Any CPU
		{0C283EDE-6E85-4FAB-BDD9-F6A29E152C37}.Release|Any CPU.Build.0 = Release|Any CPU
		{3A7134DC-A151-4E14-9E3E-2BA86E322CA6}.Debug|Any CPU.ActiveCfg = Debug|Any CPU
		{3A7134DC-A151-4E14-9E3E-2BA86E322CA6}.Debug|Any CPU.Build.0 = Debug|Any CPU
		{3A7134DC-A151-4E14-9E3E-2BA86E322CA6}.Release|Any CPU.ActiveCfg = Release|Any CPU
		{3A7134DC-A151-4E14-9E3E-2BA86E322CA6}.Release|Any CPU.Build.0 = Release|Any CPU
		{2B9D4401-956F-4A51-989E-0E49A445DF16}.Debug|Any CPU.ActiveCfg = Debug|Any CPU
		{2B9D4401-956F-4A51-989E-0E49A445DF16}.Debug|Any CPU.Build.0 = Debug|Any CPU
		{2B9D4401-956F-4A51-989E-0E49A445DF16}.Release|Any CPU.ActiveCfg = Release|Any CPU
		{2B9D4401-956F-4A51-989E-0E49A445DF16}.Release|Any CPU.Build.0 = Release|Any CPU
		{6AFBA0BA-9615-46E0-A9A2-7B1DC637D27C}.Debug|Any CPU.ActiveCfg = Debug|Any CPU
		{6AFBA0BA-9615-46E0-A9A2-7B1DC637D27C}.Debug|Any CPU.Build.0 = Debug|Any CPU
		{6AFBA0BA-9615-46E0-A9A2-7B1DC637D27C}.Release|Any CPU.ActiveCfg = Release|Any CPU
		{6AFBA0BA-9615-46E0-A9A2-7B1DC637D27C}.Release|Any CPU.Build.0 = Release|Any CPU
		{22E612EB-4677-4212-A84B-4BC8FB6CB8E8}.Debug|Any CPU.ActiveCfg = Debug|Any CPU
		{22E612EB-4677-4212-A84B-4BC8FB6CB8E8}.Debug|Any CPU.Build.0 = Debug|Any CPU
		{22E612EB-4677-4212-A84B-4BC8FB6CB8E8}.Release|Any CPU.ActiveCfg = Release|Any CPU
		{22E612EB-4677-4212-A84B-4BC8FB6CB8E8}.Release|Any CPU.Build.0 = Release|Any CPU
		{1A12BECA-F827-4AED-A208-221F0E56EF07}.Debug|Any CPU.ActiveCfg = Debug|Any CPU
		{1A12BECA-F827-4AED-A208-221F0E56EF07}.Debug|Any CPU.Build.0 = Debug|Any CPU
		{1A12BECA-F827-4AED-A208-221F0E56EF07}.Release|Any CPU.ActiveCfg = Release|Any CPU
		{1A12BECA-F827-4AED-A208-221F0E56EF07}.Release|Any CPU.Build.0 = Release|Any CPU
		{5879602B-C8DB-47A8-97D4-97F01D23DFD2}.Debug|Any CPU.ActiveCfg = Debug|Any CPU
		{5879602B-C8DB-47A8-97D4-97F01D23DFD2}.Debug|Any CPU.Build.0 = Debug|Any CPU
		{5879602B-C8DB-47A8-97D4-97F01D23DFD2}.Release|Any CPU.ActiveCfg = Release|Any CPU
		{5879602B-C8DB-47A8-97D4-97F01D23DFD2}.Release|Any CPU.Build.0 = Release|Any CPU
		{1D9E2949-EA48-458E-B3A4-872C038E6D5B}.Debug|Any CPU.ActiveCfg = Debug|Any CPU
		{1D9E2949-EA48-458E-B3A4-872C038E6D5B}.Debug|Any CPU.Build.0 = Debug|Any CPU
		{1D9E2949-EA48-458E-B3A4-872C038E6D5B}.Release|Any CPU.ActiveCfg = Release|Any CPU
		{1D9E2949-EA48-458E-B3A4-872C038E6D5B}.Release|Any CPU.Build.0 = Release|Any CPU
	EndGlobalSection
	GlobalSection(SolutionProperties) = preSolution
		HideSolutionNode = FALSE
	EndGlobalSection
	GlobalSection(NestedProjects) = preSolution
		{D48A0EBC-3639-4963-8AFA-BE909873C35A} = {2D490478-8053-4659-B0AD-E4BC5F377E2B}
		{59976C00-1FCA-477F-B075-0EBF99496EFC} = {2D490478-8053-4659-B0AD-E4BC5F377E2B}
		{0CD4FCEC-E3E5-4E6B-8E22-331907A59362} = {2D490478-8053-4659-B0AD-E4BC5F377E2B}
		{06ED762B-5A1D-4B98-B3AB-1193B4F73619} = {2D490478-8053-4659-B0AD-E4BC5F377E2B}
		{ED5CD102-998D-4260-8D47-352E33B55303} = {2D490478-8053-4659-B0AD-E4BC5F377E2B}
		{85C791BF-1182-460D-9EC5-DD1E984BE9BA} = {2D490478-8053-4659-B0AD-E4BC5F377E2B}
		{261A74BC-7B03-4351-BFC5-C48E4676EEC8} = {2D490478-8053-4659-B0AD-E4BC5F377E2B}
		{29455D8F-D783-4907-8FA0-59867D51523C} = {2D490478-8053-4659-B0AD-E4BC5F377E2B}
		{DB2037E5-66EE-477B-A883-E6F19E400F45} = {AE717D6C-1A01-4BAB-993A-6DCED230A63E}
		{0C283EDE-6E85-4FAB-BDD9-F6A29E152C37} = {AE717D6C-1A01-4BAB-993A-6DCED230A63E}
		{3A7134DC-A151-4E14-9E3E-2BA86E322CA6} = {AE717D6C-1A01-4BAB-993A-6DCED230A63E}
		{6AFBA0BA-9615-46E0-A9A2-7B1DC637D27C} = {2D490478-8053-4659-B0AD-E4BC5F377E2B}
		{22E612EB-4677-4212-A84B-4BC8FB6CB8E8} = {2D490478-8053-4659-B0AD-E4BC5F377E2B}
		{1D9E2949-EA48-458E-B3A4-872C038E6D5B} = {AE717D6C-1A01-4BAB-993A-6DCED230A63E}
		{1A12BECA-F827-4AED-A208-221F0E56EF07} = {AE717D6C-1A01-4BAB-993A-6DCED230A63E}
		{5879602B-C8DB-47A8-97D4-97F01D23DFD2} = {AE717D6C-1A01-4BAB-993A-6DCED230A63E}
	EndGlobalSection
	GlobalSection(ExtensibilityGlobals) = postSolution
		SolutionGuid = {FBF96409-FA98-48FC-BC01-79FCB13501AB}
	EndGlobalSection
EndGlobal
